// !$*UTF8*$!
{
	archiveVersion = 1;
	classes = {
	};
	objectVersion = 50;
	objects = {

/* Begin PBXBuildFile section */
		558883A623494526002C805C /* AppDelegate.swift in Sources */ = {isa = PBXBuildFile; fileRef = 558883A523494526002C805C /* AppDelegate.swift */; };
		558883A823494526002C805C /* SceneDelegate.swift in Sources */ = {isa = PBXBuildFile; fileRef = 558883A723494526002C805C /* SceneDelegate.swift */; };
		558883AA23494526002C805C /* ContentView.swift in Sources */ = {isa = PBXBuildFile; fileRef = 558883A923494526002C805C /* ContentView.swift */; };
		558883AC23494527002C805C /* Assets.xcassets in Resources */ = {isa = PBXBuildFile; fileRef = 558883AB23494527002C805C /* Assets.xcassets */; };
		558883AF23494527002C805C /* Preview Assets.xcassets in Resources */ = {isa = PBXBuildFile; fileRef = 558883AE23494527002C805C /* Preview Assets.xcassets */; };
		558883B223494527002C805C /* LaunchScreen.storyboard in Resources */ = {isa = PBXBuildFile; fileRef = 558883B023494527002C805C /* LaunchScreen.storyboard */; };
		558883BD23494527002C805C /* iDineTests.swift in Sources */ = {isa = PBXBuildFile; fileRef = 558883BC23494527002C805C /* iDineTests.swift */; };
		558883CC2349456A002C805C /* Helper.swift in Sources */ = {isa = PBXBuildFile; fileRef = 558883C723494569002C805C /* Helper.swift */; };
		558883CD2349456A002C805C /* Images in Resources */ = {isa = PBXBuildFile; fileRef = 558883C823494569002C805C /* Images */; };
		558883CE2349456A002C805C /* menu.json in Resources */ = {isa = PBXBuildFile; fileRef = 558883C923494569002C805C /* menu.json */; };
		558883CF2349456A002C805C /* Order.swift in Sources */ = {isa = PBXBuildFile; fileRef = 558883CA23494569002C805C /* Order.swift */; };
		558883D02349456A002C805C /* Menu.swift in Sources */ = {isa = PBXBuildFile; fileRef = 558883CB2349456A002C805C /* Menu.swift */; };
/* End PBXBuildFile section */

/* Begin PBXContainerItemProxy section */
		558883B923494527002C805C /* PBXContainerItemProxy */ = {
			isa = PBXContainerItemProxy;
			containerPortal = 5588839A23494526002C805C /* Project object */;
			proxyType = 1;
			remoteGlobalIDString = 558883A123494526002C805C;
			remoteInfo = iDine;
		};
/* End PBXContainerItemProxy section */

/* Begin PBXFileReference section */
		558883A223494526002C805C /* iDine.app */ = {isa = PBXFileReference; explicitFileType = wrapper.application; includeInIndex = 0; path = iDine.app; sourceTree = BUILT_PRODUCTS_DIR; };
		558883A523494526002C805C /* AppDelegate.swift */ = {isa = PBXFileReference; lastKnownFileType = sourcecode.swift; path = AppDelegate.swift; sourceTree = "<group>"; };
		558883A723494526002C805C /* SceneDelegate.swift */ = {isa = PBXFileReference; lastKnownFileType = sourcecode.swift; path = SceneDelegate.swift; sourceTree = "<group>"; };
		558883A923494526002C805C /* ContentView.swift */ = {isa = PBXFileReference; lastKnownFileType = sourcecode.swift; path = ContentView.swift; sourceTree = "<group>"; };
		558883AB23494527002C805C /* Assets.xcassets */ = {isa = PBXFileReference; lastKnownFileType = folder.assetcatalog; path = Assets.xcassets; sourceTree = "<group>"; };
		558883AE23494527002C805C /* Preview Assets.xcassets */ = {isa = PBXFileReference; lastKnownFileType = folder.assetcatalog; path = "Preview Assets.xcassets"; sourceTree = "<group>"; };
		558883B123494527002C805C /* Base */ = {isa = PBXFileReference; lastKnownFileType = file.storyboard; name = Base; path = Base.lproj/LaunchScreen.storyboard; sourceTree = "<group>"; };
		558883B323494527002C805C /* Info.plist */ = {isa = PBXFileReference; lastKnownFileType = text.plist.xml; path = Info.plist; sourceTree = "<group>"; };
		558883B823494527002C805C /* iDineTests.xctest */ = {isa = PBXFileReference; explicitFileType = wrapper.cfbundle; includeInIndex = 0; path = iDineTests.xctest; sourceTree = BUILT_PRODUCTS_DIR; };
		558883BC23494527002C805C /* iDineTests.swift */ = {isa = PBXFileReference; lastKnownFileType = sourcecode.swift; path = iDineTests.swift; sourceTree = "<group>"; };
		558883BE23494527002C805C /* Info.plist */ = {isa = PBXFileReference; lastKnownFileType = text.plist.xml; path = Info.plist; sourceTree = "<group>"; };
		558883C723494569002C805C /* Helper.swift */ = {isa = PBXFileReference; fileEncoding = 4; lastKnownFileType = sourcecode.swift; path = Helper.swift; sourceTree = "<group>"; };
		558883C823494569002C805C /* Images */ = {isa = PBXFileReference; lastKnownFileType = folder; path = Images; sourceTree = "<group>"; };
		558883C923494569002C805C /* menu.json */ = {isa = PBXFileReference; fileEncoding = 4; lastKnownFileType = text.json; path = menu.json; sourceTree = "<group>"; };
		558883CA23494569002C805C /* Order.swift */ = {isa = PBXFileReference; fileEncoding = 4; lastKnownFileType = sourcecode.swift; path = Order.swift; sourceTree = "<group>"; };
		558883CB2349456A002C805C /* Menu.swift */ = {isa = PBXFileReference; fileEncoding = 4; lastKnownFileType = sourcecode.swift; path = Menu.swift; sourceTree = "<group>"; };
/* End PBXFileReference section */

/* Begin PBXFrameworksBuildPhase section */
		5588839F23494526002C805C /* Frameworks */ = {
			isa = PBXFrameworksBuildPhase;
			buildActionMask = 2147483647;
			files = (
			);
			runOnlyForDeploymentPostprocessing = 0;
		};
		558883B523494527002C805C /* Frameworks */ = {
			isa = PBXFrameworksBuildPhase;
			buildActionMask = 2147483647;
			files = (
			);
			runOnlyForDeploymentPostprocessing = 0;
		};
/* End PBXFrameworksBuildPhase section */

/* Begin PBXGroup section */
		5588839923494526002C805C = {
			isa = PBXGroup;
			children = (
				558883A423494526002C805C /* iDine */,
				558883BB23494527002C805C /* iDineTests */,
				558883A323494526002C805C /* Products */,
			);
			sourceTree = "<group>";
		};
		558883A323494526002C805C /* Products */ = {
			isa = PBXGroup;
			children = (
				558883A223494526002C805C /* iDine.app */,
				558883B823494527002C805C /* iDineTests.xctest */,
			);
			name = Products;
			sourceTree = "<group>";
		};
		558883A423494526002C805C /* iDine */ = {
			isa = PBXGroup;
			children = (
				558883C723494569002C805C /* Helper.swift */,
				558883C823494569002C805C /* Images */,
				558883C923494569002C805C /* menu.json */,
				558883CB2349456A002C805C /* Menu.swift */,
				558883CA23494569002C805C /* Order.swift */,
				558883A523494526002C805C /* AppDelegate.swift */,
				558883A723494526002C805C /* SceneDelegate.swift */,
				558883A923494526002C805C /* ContentView.swift */,
				558883AB23494527002C805C /* Assets.xcassets */,
				558883B023494527002C805C /* LaunchScreen.storyboard */,
				558883B323494527002C805C /* Info.plist */,
				558883AD23494527002C805C /* Preview Content */,
			);
			path = iDine;
			sourceTree = "<group>";
		};
		558883AD23494527002C805C /* Preview Content */ = {
			isa = PBXGroup;
			children = (
				558883AE23494527002C805C /* Preview Assets.xcassets */,
			);
			path = "Preview Content";
			sourceTree = "<group>";
		};
		558883BB23494527002C805C /* iDineTests */ = {
			isa = PBXGroup;
			children = (
				558883BC23494527002C805C /* iDineTests.swift */,
				558883BE23494527002C805C /* Info.plist */,
			);
			path = iDineTests;
			sourceTree = "<group>";
		};
/* End PBXGroup section */

/* Begin PBXNativeTarget section */
		558883A123494526002C805C /* iDine */ = {
			isa = PBXNativeTarget;
			buildConfigurationList = 558883C123494527002C805C /* Build configuration list for PBXNativeTarget "iDine" */;
			buildPhases = (
				5588839E23494526002C805C /* Sources */,
				5588839F23494526002C805C /* Frameworks */,
				558883A023494526002C805C /* Resources */,
			);
			buildRules = (
			);
			dependencies = (
			);
			name = iDine;
			productName = iDine;
			productReference = 558883A223494526002C805C /* iDine.app */;
			productType = "com.apple.product-type.application";
		};
		558883B723494527002C805C /* iDineTests */ = {
			isa = PBXNativeTarget;
			buildConfigurationList = 558883C423494527002C805C /* Build configuration list for PBXNativeTarget "iDineTests" */;
			buildPhases = (
				558883B423494527002C805C /* Sources */,
				558883B523494527002C805C /* Frameworks */,
				558883B623494527002C805C /* Resources */,
			);
			buildRules = (
			);
			dependencies = (
				558883BA23494527002C805C /* PBXTargetDependency */,
			);
			name = iDineTests;
			productName = iDineTests;
			productReference = 558883B823494527002C805C /* iDineTests.xctest */;
			productType = "com.apple.product-type.bundle.unit-test";
		};
/* End PBXNativeTarget section */

/* Begin PBXProject section */
		5588839A23494526002C805C /* Project object */ = {
			isa = PBXProject;
			attributes = {
				LastSwiftUpdateCheck = 1100;
				LastUpgradeCheck = 1100;
				ORGANIZATIONNAME = "田辺信之";
				TargetAttributes = {
					558883A123494526002C805C = {
						CreatedOnToolsVersion = 11.0;
					};
					558883B723494527002C805C = {
						CreatedOnToolsVersion = 11.0;
						TestTargetID = 558883A123494526002C805C;
					};
				};
			};
			buildConfigurationList = 5588839D23494526002C805C /* Build configuration list for PBXProject "iDine" */;
			compatibilityVersion = "Xcode 9.3";
			developmentRegion = en;
			hasScannedForEncodings = 0;
			knownRegions = (
				en,
				Base,
			);
			mainGroup = 5588839923494526002C805C;
			productRefGroup = 558883A323494526002C805C /* Products */;
			projectDirPath = "";
			projectRoot = "";
			targets = (
				558883A123494526002C805C /* iDine */,
				558883B723494527002C805C /* iDineTests */,
			);
		};
/* End PBXProject section */

/* Begin PBXResourcesBuildPhase section */
		558883A023494526002C805C /* Resources */ = {
			isa = PBXResourcesBuildPhase;
			buildActionMask = 2147483647;
			files = (
				558883CE2349456A002C805C /* menu.json in Resources */,
				558883CD2349456A002C805C /* Images in Resources */,
				558883B223494527002C805C /* LaunchScreen.storyboard in Resources */,
				558883AF23494527002C805C /* Preview Assets.xcassets in Resources */,
				558883AC23494527002C805C /* Assets.xcassets in Resources */,
			);
			runOnlyForDeploymentPostprocessing = 0;
		};
		558883B623494527002C805C /* Resources */ = {
			isa = PBXResourcesBuildPhase;
			buildActionMask = 2147483647;
			files = (
			);
			runOnlyForDeploymentPostprocessing = 0;
		};
/* End PBXResourcesBuildPhase section */

/* Begin PBXSourcesBuildPhase section */
		5588839E23494526002C805C /* Sources */ = {
			isa = PBXSourcesBuildPhase;
			buildActionMask = 2147483647;
			files = (
				558883D02349456A002C805C /* Menu.swift in Sources */,
				558883A623494526002C805C /* AppDelegate.swift in Sources */,
				558883A823494526002C805C /* SceneDelegate.swift in Sources */,
				558883CF2349456A002C805C /* Order.swift in Sources */,
				558883AA23494526002C805C /* ContentView.swift in Sources */,
				558883CC2349456A002C805C /* Helper.swift in Sources */,
			);
			runOnlyForDeploymentPostprocessing = 0;
		};
		558883B423494527002C805C /* Sources */ = {
			isa = PBXSourcesBuildPhase;
			buildActionMask = 2147483647;
			files = (
				558883BD23494527002C805C /* iDineTests.swift in Sources */,
			);
			runOnlyForDeploymentPostprocessing = 0;
		};
/* End PBXSourcesBuildPhase section */

/* Begin PBXTargetDependency section */
		558883BA23494527002C805C /* PBXTargetDependency */ = {
			isa = PBXTargetDependency;
			target = 558883A123494526002C805C /* iDine */;
			targetProxy = 558883B923494527002C805C /* PBXContainerItemProxy */;
		};
/* End PBXTargetDependency section */

/* Begin PBXVariantGroup section */
		558883B023494527002C805C /* LaunchScreen.storyboard */ = {
			isa = PBXVariantGroup;
			children = (
				558883B123494527002C805C /* Base */,
			);
			name = LaunchScreen.storyboard;
			sourceTree = "<group>";
		};
/* End PBXVariantGroup section */

/* Begin XCBuildConfiguration section */
		558883BF23494527002C805C /* Debug */ = {
			isa = XCBuildConfiguration;
			buildSettings = {
				ALWAYS_SEARCH_USER_PATHS = NO;
				CLANG_ANALYZER_NONNULL = YES;
				CLANG_ANALYZER_NUMBER_OBJECT_CONVERSION = YES_AGGRESSIVE;
				CLANG_CXX_LANGUAGE_STANDARD = "gnu++14";
				CLANG_CXX_LIBRARY = "libc++";
				CLANG_ENABLE_MODULES = YES;
				CLANG_ENABLE_OBJC_ARC = YES;
				CLANG_ENABLE_OBJC_WEAK = YES;
				CLANG_WARN_BLOCK_CAPTURE_AUTORELEASING = YES;
				CLANG_WARN_BOOL_CONVERSION = YES;
				CLANG_WARN_COMMA = YES;
				CLANG_WARN_CONSTANT_CONVERSION = YES;
				CLANG_WARN_DEPRECATED_OBJC_IMPLEMENTATIONS = YES;
				CLANG_WARN_DIRECT_OBJC_ISA_USAGE = YES_ERROR;
				CLANG_WARN_DOCUMENTATION_COMMENTS = YES;
				CLANG_WARN_EMPTY_BODY = YES;
				CLANG_WARN_ENUM_CONVERSION = YES;
				CLANG_WARN_INFINITE_RECURSION = YES;
				CLANG_WARN_INT_CONVERSION = YES;
				CLANG_WARN_NON_LITERAL_NULL_CONVERSION = YES;
				CLANG_WARN_OBJC_IMPLICIT_RETAIN_SELF = YES;
				CLANG_WARN_OBJC_LITERAL_CONVERSION = YES;
				CLANG_WARN_OBJC_ROOT_CLASS = YES_ERROR;
				CLANG_WARN_RANGE_LOOP_ANALYSIS = YES;
				CLANG_WARN_STRICT_PROTOTYPES = YES;
				CLANG_WARN_SUSPICIOUS_MOVE = YES;
				CLANG_WARN_UNGUARDED_AVAILABILITY = YES_AGGRESSIVE;
				CLANG_WARN_UNREACHABLE_CODE = YES;
				CLANG_WARN__DUPLICATE_METHOD_MATCH = YES;
				COPY_PHASE_STRIP = NO;
				DEBUG_INFORMATION_FORMAT = dwarf;
				ENABLE_STRICT_OBJC_MSGSEND = YES;
				ENABLE_TESTABILITY = YES;
				GCC_C_LANGUAGE_STANDARD = gnu11;
				GCC_DYNAMIC_NO_PIC = NO;
				GCC_NO_COMMON_BLOCKS = YES;
				GCC_OPTIMIZATION_LEVEL = 0;
				GCC_PREPROCESSOR_DEFINITIONS = (
					"DEBUG=1",
					"$(inherited)",
				);
				GCC_WARN_64_TO_32_BIT_CONVERSION = YES;
				GCC_WARN_ABOUT_RETURN_TYPE = YES_ERROR;
				GCC_WARN_UNDECLARED_SELECTOR = YES;
				GCC_WARN_UNINITIALIZED_AUTOS = YES_AGGRESSIVE;
				GCC_WARN_UNUSED_FUNCTION = YES;
				GCC_WARN_UNUSED_VARIABLE = YES;
				IPHONEOS_DEPLOYMENT_TARGET = 13.0;
				MTL_ENABLE_DEBUG_INFO = INCLUDE_SOURCE;
				MTL_FAST_MATH = YES;
				ONLY_ACTIVE_ARCH = YES;
				SDKROOT = iphoneos;
				SWIFT_ACTIVE_COMPILATION_CONDITIONS = DEBUG;
				SWIFT_OPTIMIZATION_LEVEL = "-Onone";
			};
			name = Debug;
		};
		558883C023494527002C805C /* Release */ = {
			isa = XCBuildConfiguration;
			buildSettings = {
				ALWAYS_SEARCH_USER_PATHS = NO;
				CLANG_ANALYZER_NONNULL = YES;
				CLANG_ANALYZER_NUMBER_OBJECT_CONVERSION = YES_AGGRESSIVE;
				CLANG_CXX_LANGUAGE_STANDARD = "gnu++14";
				CLANG_CXX_LIBRARY = "libc++";
				CLANG_ENABLE_MODULES = YES;
				CLANG_ENABLE_OBJC_ARC = YES;
				CLANG_ENABLE_OBJC_WEAK = YES;
				CLANG_WARN_BLOCK_CAPTURE_AUTORELEASING = YES;
				CLANG_WARN_BOOL_CONVERSION = YES;
				CLANG_WARN_COMMA = YES;
				CLANG_WARN_CONSTANT_CONVERSION = YES;
				CLANG_WARN_DEPRECATED_OBJC_IMPLEMENTATIONS = YES;
				CLANG_WARN_DIRECT_OBJC_ISA_USAGE = YES_ERROR;
				CLANG_WARN_DOCUMENTATION_COMMENTS = YES;
				CLANG_WARN_EMPTY_BODY = YES;
				CLANG_WARN_ENUM_CONVERSION = YES;
				CLANG_WARN_INFINITE_RECURSION = YES;
				CLANG_WARN_INT_CONVERSION = YES;
				CLANG_WARN_NON_LITERAL_NULL_CONVERSION = YES;
				CLANG_WARN_OBJC_IMPLICIT_RETAIN_SELF = YES;
				CLANG_WARN_OBJC_LITERAL_CONVERSION = YES;
				CLANG_WARN_OBJC_ROOT_CLASS = YES_ERROR;
				CLANG_WARN_RANGE_LOOP_ANALYSIS = YES;
				CLANG_WARN_STRICT_PROTOTYPES = YES;
				CLANG_WARN_SUSPICIOUS_MOVE = YES;
				CLANG_WARN_UNGUARDED_AVAILABILITY = YES_AGGRESSIVE;
				CLANG_WARN_UNREACHABLE_CODE = YES;
				CLANG_WARN__DUPLICATE_METHOD_MATCH = YES;
				COPY_PHASE_STRIP = NO;
				DEBUG_INFORMATION_FORMAT = "dwarf-with-dsym";
				ENABLE_NS_ASSERTIONS = NO;
				ENABLE_STRICT_OBJC_MSGSEND = YES;
				GCC_C_LANGUAGE_STANDARD = gnu11;
				GCC_NO_COMMON_BLOCKS = YES;
				GCC_WARN_64_TO_32_BIT_CONVERSION = YES;
				GCC_WARN_ABOUT_RETURN_TYPE = YES_ERROR;
				GCC_WARN_UNDECLARED_SELECTOR = YES;
				GCC_WARN_UNINITIALIZED_AUTOS = YES_AGGRESSIVE;
				GCC_WARN_UNUSED_FUNCTION = YES;
				GCC_WARN_UNUSED_VARIABLE = YES;
				IPHONEOS_DEPLOYMENT_TARGET = 13.0;
				MTL_ENABLE_DEBUG_INFO = NO;
				MTL_FAST_MATH = YES;
				SDKROOT = iphoneos;
				SWIFT_COMPILATION_MODE = wholemodule;
				SWIFT_OPTIMIZATION_LEVEL = "-O";
				VALIDATE_PRODUCT = YES;
			};
			name = Release;
		};
		558883C223494527002C805C /* Debug */ = {
			isa = XCBuildConfiguration;
			buildSettings = {
				ASSETCATALOG_COMPILER_APPICON_NAME = AppIcon;
				CODE_SIGN_STYLE = Automatic;
				DEVELOPMENT_ASSET_PATHS = "\"iDine/Preview Content\"";
				DEVELOPMENT_TEAM = 77M5H986MA;
				ENABLE_PREVIEWS = YES;
				INFOPLIST_FILE = iDine/Info.plist;
				LD_RUNPATH_SEARCH_PATHS = (
					"$(inherited)",
					"@executable_path/Frameworks",
				);
				PRODUCT_BUNDLE_IDENTIFIER = "com.t--nabe.iDine";
				PRODUCT_NAME = "$(TARGET_NAME)";
				SWIFT_VERSION = 5.0;
				TARGETED_DEVICE_FAMILY = "1,2";
			};
			name = Debug;
		};
		558883C323494527002C805C /* Release */ = {
			isa = XCBuildConfiguration;
			buildSettings = {
				ASSETCATALOG_COMPILER_APPICON_NAME = AppIcon;
				CODE_SIGN_STYLE = Automatic;
				DEVELOPMENT_ASSET_PATHS = "\"iDine/Preview Content\"";
				DEVELOPMENT_TEAM = 77M5H986MA;
				ENABLE_PREVIEWS = YES;
				INFOPLIST_FILE = iDine/Info.plist;
				LD_RUNPATH_SEARCH_PATHS = (
					"$(inherited)",
					"@executable_path/Frameworks",
				);
				PRODUCT_BUNDLE_IDENTIFIER = "com.t--nabe.iDine";
				PRODUCT_NAME = "$(TARGET_NAME)";
				SWIFT_VERSION = 5.0;
				TARGETED_DEVICE_FAMILY = "1,2";
			};
			name = Release;
		};
		558883C523494527002C805C /* Debug */ = {
			isa = XCBuildConfiguration;
			buildSettings = {
				ALWAYS_EMBED_SWIFT_STANDARD_LIBRARIES = YES;
				BUNDLE_LOADER = "$(TEST_HOST)";
				CODE_SIGN_STYLE = Automatic;
				DEVELOPMENT_TEAM = 77M5H986MA;
				INFOPLIST_FILE = iDineTests/Info.plist;
				IPHONEOS_DEPLOYMENT_TARGET = 13.0;
				LD_RUNPATH_SEARCH_PATHS = (
					"$(inherited)",
					"@executable_path/Frameworks",
					"@loader_path/Frameworks",
				);
				PRODUCT_BUNDLE_IDENTIFIER = "com.t--nabe.iDineTests";
				PRODUCT_NAME = "$(TARGET_NAME)";
				SWIFT_VERSION = 5.0;
				TARGETED_DEVICE_FAMILY = "1,2";
				TEST_HOST = "$(BUILT_PRODUCTS_DIR)/iDine.app/iDine";
			};
			name = Debug;
		};
		558883C623494527002C805C /* Release */ = {
			isa = XCBuildConfiguration;
			buildSettings = {
				ALWAYS_EMBED_SWIFT_STANDARD_LIBRARIES = YES;
				BUNDLE_LOADER = "$(TEST_HOST)";
				CODE_SIGN_STYLE = Automatic;
				DEVELOPMENT_TEAM = 77M5H986MA;
				INFOPLIST_FILE = iDineTests/Info.plist;
				IPHONEOS_DEPLOYMENT_TARGET = 13.0;
				LD_RUNPATH_SEARCH_PATHS = (
					"$(inherited)",
					"@executable_path/Frameworks",
					"@loader_path/Frameworks",
				);
				PRODUCT_BUNDLE_IDENTIFIER = "com.t--nabe.iDineTests";
				PRODUCT_NAME = "$(TARGET_NAME)";
				SWIFT_VERSION = 5.0;
				TARGETED_DEVICE_FAMILY = "1,2";
				TEST_HOST = "$(BUILT_PRODUCTS_DIR)/iDine.app/iDine";
			};
			name = Release;
		};
/* End XCBuildConfiguration section */

/* Begin XCConfigurationList section */
		5588839D23494526002C805C /* Build configuration list for PBXProject "iDine" */ = {
			isa = XCConfigurationList;
			buildConfigurations = (
				558883BF23494527002C805C /* Debug */,
				558883C023494527002C805C /* Release */,
			);
			defaultConfigurationIsVisible = 0;
			defaultConfigurationName = Release;
		};
		558883C123494527002C805C /* Build configuration list for PBXNativeTarget "iDine" */ = {
			isa = XCConfigurationList;
			buildConfigurations = (
				558883C223494527002C805C /* Debug */,
				558883C323494527002C805C /* Release */,
			);
			defaultConfigurationIsVisible = 0;
			defaultConfigurationName = Release;
		};
		558883C423494527002C805C /* Build configuration list for PBXNativeTarget "iDineTests" */ = {
			isa = XCConfigurationList;
			buildConfigurations = (
				558883C523494527002C805C /* Debug */,
				558883C623494527002C805C /* Release */,
			);
			defaultConfigurationIsVisible = 0;
			defaultConfigurationName = Release;
		};
/* End XCConfigurationList section */
	};
	rootObject = 5588839A23494526002C805C /* Project object */;
}
